{
  "name": "@heuteapp/models",
  "version": "0.1.0",
  "lockfileVersion": 3,
  "requires": true,
  "packages": {
    "": {
      "name": "@heuteapp/models",
      "version": "0.1.0",
      "license": "MIT",
      "dependencies": {
        "@heuteapp/common": "^0.1.2"
      }
    },
    "node_modules/@heuteapp/common": {
      "version": "0.1.2",
      "resolved": "https://registry.npmjs.org/@heuteapp/common/-/common-0.1.2.tgz",
      "integrity": "sha512-NM1EPAXEGusZVmDY71TU61Lh5/17ZcmXvh/rnQkWFscsvwoyojOF91xtJH+a4/JcGrl+94yrMHNt0+NMnkr7WQ==",
      "license": "MIT"
    }
  }
}
