{
  "name": "@heuteapp/models",
  "version": "0.1.0",
  "lockfileVersion": 3,
  "requires": true,
  "packages": {
    "": {
      "name": "@heuteapp/models",
      "version": "0.1.0",
      "license": "MIT",
      "dependencies": {
        "@heuteapp/common": "^0.1.1"
      }
    },
    "node_modules/@heuteapp/common": {
      "version": "0.1.1",
      "resolved": "https://registry.npmjs.org/@heuteapp/common/-/common-0.1.1.tgz",
      "integrity": "sha512-WnRAhr1utrof/7oWSCSwoTHOgqf/qr/KGKDNNdLxj5M+zgP8EfPflUyD1YFImFJVzONTsGEip8ptq5ErjalAOw==",
      "license": "MIT"
    }
  }
}
